
Microsoft Visual Studio Solution File, Format Version 12.00
# Visual Studio Version 17
VisualStudioVersion = 17.0.31903.59
MinimumVisualStudioVersion = 10.0.40219.1
Project("{FAE04EC0-301F-11D3-BF4B-00C04F79EFBC}") = "Graphite.Api", "Graphite.Api\Graphite.Api.csproj", "{09CB84BE-2E5C-4000-A567-90EFE88B5D8D}"
EndProject
Project("{FAE04EC0-301F-11D3-BF4B-00C04F79EFBC}") = "Graphite.Domain", "Graphite.Domain\Graphite.Domain.csproj", "{D6B9DF31-815F-4F55-A242-A6764A13DF9A}"
EndProject
Global
	GlobalSection(SolutionConfigurationPlatforms) = preSolution
		Debug|Any CPU = Debug|Any CPU
		Release|Any CPU = Release|Any CPU
	EndGlobalSection
	GlobalSection(SolutionProperties) = preSolution
		HideSolutionNode = FALSE
	EndGlobalSection
	GlobalSection(ProjectConfigurationPlatforms) = postSolution
		{09CB84BE-2E5C-4000-A567-90EFE88B5D8D}.Debug|Any CPU.ActiveCfg = Debug|Any CPU
		{09CB84BE-2E5C-4000-A567-90EFE88B5D8D}.Debug|Any CPU.Build.0 = Debug|Any CPU
		{09CB84BE-2E5C-4000-A567-90EFE88B5D8D}.Release|Any CPU.ActiveCfg = Release|Any CPU
		{09CB84BE-2E5C-4000-A567-90EFE88B5D8D}.Release|Any CPU.Build.0 = Release|Any CPU
		{D6B9DF31-815F-4F55-A242-A6764A13DF9A}.Debug|Any CPU.ActiveCfg = Debug|Any CPU
		{D6B9DF31-815F-4F55-A242-A6764A13DF9A}.Debug|Any CPU.Build.0 = Debug|Any CPU
		{D6B9DF31-815F-4F55-A242-A6764A13DF9A}.Release|Any CPU.ActiveCfg = Release|Any CPU
		{D6B9DF31-815F-4F55-A242-A6764A13DF9A}.Release|Any CPU.Build.0 = Release|Any CPU
	EndGlobalSection
EndGlobal
